{
  "name": "coinflip",
  "version": "0.0.1",
  "lockfileVersion": 2,
  "requires": true,
  "packages": {
    "": {
      "name": "coinflip",
      "version": "0.0.1",
      "license": "GPL-3.0-or-later",
      "dependencies": {
        "minimalist": "^1.0.0"
      }
    },
    "node_modules/minimalist": {
      "version": "1.0.0",
      "resolved": "https://registry.npmjs.org/minimalist/-/minimalist-1.0.0.tgz",
      "integrity": "sha1-Zr/k/WJbVozBasyUIRVOZr/Nchg="
    }
  },
  "dependencies": {
    "minimalist": {
      "version": "1.0.0",
      "resolved": "https://registry.npmjs.org/minimalist/-/minimalist-1.0.0.tgz",
      "integrity": "sha1-Zr/k/WJbVozBasyUIRVOZr/Nchg="
    }
  }
}
